
Microsoft Visual Studio Solution File, Format Version 11.00
# Visual Studio 2010
Project("{44D84052-F07B-4393-B15A-9BCE9B904B29}") = "Controllers", "Controllers\Controllers.csproj", "{91654552-66C5-4C5C-B272-1F0810091529}"
EndProject
Project("{44D84052-F07B-4393-B15A-9BCE9B904B29}") = "Entities", "Entities\Entities.csproj", "{0AD9C786-F0B6-4647-B362-3F010C15E874}"
EndProject
Project("{44D84052-F07B-4393-B15A-9BCE9B904B29}") = "DataAcces", "DataAcces\DataAcces.csproj", "{DF5FEECC-0072-424D-BBAB-85FAAAC38045}"
EndProject
Project("{44D84052-F07B-4393-B15A-9BCE9B904B29}") = "View_WebApp", "View_WebApp\View_WebApp.csproj", "{118CE201-CB49-4B24-9BBE-B9172DD162D7}"
EndProject
Global
	GlobalSection(SolutionConfigurationPlatforms) = preSolution
		Debug|Any CPU = Debug|Any CPU
		Release|Any CPU = Release|Any CPU
	EndGlobalSection
	GlobalSection(ProjectConfigurationPlatforms) = postSolution
		{91654552-66C5-4C5C-B272-1F0810091529}.Debug|Any CPU.ActiveCfg = Debug|Any CPU
		{91654552-66C5-4C5C-B272-1F0810091529}.Debug|Any CPU.Build.0 = Debug|Any CPU
		{91654552-66C5-4C5C-B272-1F0810091529}.Release|Any CPU.ActiveCfg = Release|Any CPU
		{91654552-66C5-4C5C-B272-1F0810091529}.Release|Any CPU.Build.0 = Release|Any CPU
		{0AD9C786-F0B6-4647-B362-3F010C15E874}.Debug|Any CPU.ActiveCfg = Debug|Any CPU
		{0AD9C786-F0B6-4647-B362-3F010C15E874}.Debug|Any CPU.Build.0 = Debug|Any CPU
		{0AD9C786-F0B6-4647-B362-3F010C15E874}.Release|Any CPU.ActiveCfg = Release|Any CPU
		{0AD9C786-F0B6-4647-B362-3F010C15E874}.Release|Any CPU.Build.0 = Release|Any CPU
		{DF5FEECC-0072-424D-BBAB-85FAAAC38045}.Debug|Any CPU.ActiveCfg = Debug|Any CPU
		{DF5FEECC-0072-424D-BBAB-85FAAAC38045}.Debug|Any CPU.Build.0 = Debug|Any CPU
		{DF5FEECC-0072-424D-BBAB-85FAAAC38045}.Release|Any CPU.ActiveCfg = Release|Any CPU
		{DF5FEECC-0072-424D-BBAB-85FAAAC38045}.Release|Any CPU.Build.0 = Release|Any CPU
				{118CE201-CB49-4B24-9BBE-B9172DD162D7}.Debug|Any CPU.ActiveCfg = Debug|Any CPU
		{118CE201-CB49-4B24-9BBE-B9172DD162D7}.Debug|Any CPU.Build.0 = Debug|Any CPU
		{118CE201-CB49-4B24-9BBE-B9172DD162D7}.Release|Any CPU.ActiveCfg = Release|Any CPU
		{118CE201-CB49-4B24-9BBE-B9172DD162D7}.Release|Any CPU.Build.0 = Release|Any CPU
	EndGlobalSection
	GlobalSection(SolutionProperties) = preSolution
		HideSolutionNode = FALSE
	EndGlobalSection
EndGlobal
